{
  "name": "container-vue",
  "version": "0.1.0",
  "lockfileVersion": 1,
  "requires": true,
  "dependencies": {
    "lodash": {
      "version": "4.17.15",
      "resolved": "https://registry.npm.taobao.org/lodash/download/lodash-4.17.15.tgz?cache=0&other_urls=https%3A%2F%2Fregistry.npm.taobao.org%2Flodash%2Fdownload%2Flodash-4.17.15.tgz",
      "integrity": "sha1-tEf2ZwoEVbv+7dETku/zMOoJdUg=",
      "dev": true
    },
    "single-spa-vue": {
      "version": "1.8.2",
      "resolved": "https://registry.npm.taobao.org/single-spa-vue/download/single-spa-vue-1.8.2.tgz",
      "integrity": "sha1-FqXrbm4MTLs1zSc2uB94/6vF/MI="
    },
    "stats-webpack-plugin": {
      "version": "0.7.0",
      "resolved": "https://registry.npm.taobao.org/stats-webpack-plugin/download/stats-webpack-plugin-0.7.0.tgz",
      "integrity": "sha1-zP/pt0Xei7sVVXHgY/gmP8DivAY=",
      "dev": true,
      "requires": {
        "lodash": "^4.17.4"
      }
    }
  }
}
